<?xml version="1.0" encoding="utf-8"?>
<Project ToolsVersion="4.0" xmlns="http://schemas.microsoft.com/developer/msbuild/2003">
  <ItemGroup>
    <Filter Include="Communication">
      <UniqueIdentifier>{b3452df1-bbbf-45d4-8d44-ac71a76c9e80}</UniqueIdentifier>
    </Filter>
    <Filter Include="Modules">
      <UniqueIdentifier>{c8030bbd-a5cf-47ca-8340-f97b10350e9f}</UniqueIdentifier>
    </Filter>
    <Filter Include="Helpers">
      <UniqueIdentifier>{298ef6b7-40e3-4486-b333-a62fcdb262d0}</UniqueIdentifier>
    </Filter>
    <Filter Include="Modules\CalculusSolver">
      <UniqueIdentifier>{6edf3708-7448-4d53-8a2b-cca20e995a5e}</UniqueIdentifier>
    </Filter>
    <Filter Include="Modules\Solver">
      <UniqueIdentifier>{17f6a3ab-7e49-4803-9fb8-dbc34c9ec41c}</UniqueIdentifier>
    </Filter>
    <Filter Include="Modules\Plotter">
      <UniqueIdentifier>{d7c540b2-67bb-456d-aba2-29fc9f117ead}</UniqueIdentifier>
    </Filter>
    <Filter Include="Interface">
      <UniqueIdentifier>{858d983b-7010-4241-87ea-c3dfc8f83aef}</UniqueIdentifier>
    </Filter>
  </ItemGroup>
  <ItemGroup>
    <ClInclude Include="Communication\Module.h">
      <Filter>Communication</Filter>
    </ClInclude>
    <ClInclude Include="Communication\PyManager.h">
      <Filter>Communication</Filter>
    </ClInclude>
    <ClInclude Include="Communication\FunctionDescriptor.h">
      <Filter>Communication</Filter>
    </ClInclude>
    <ClInclude Include="Helpers\Utils.h">
      <Filter>Helpers</Filter>
    </ClInclude>
    <ClInclude Include="Helpers\PyEnums.h">
      <Filter>Helpers</Filter>
    </ClInclude>
    <ClInclude Include="Communication\ModuleFactory.h">
      <Filter>Communication</Filter>
    </ClInclude>
    <ClInclude Include="Modules\CalculusSolver\CalculusSolver.h">
      <Filter>Modules\CalculusSolver</Filter>
    </ClInclude>
    <ClInclude Include="Modules\CalculusSolver\CalculusSolverDescriptors.h">
      <Filter>Modules\CalculusSolver</Filter>
    </ClInclude>
    <ClInclude Include="Modules\Solver\Solver.h">
      <Filter>Modules\Solver</Filter>
    </ClInclude>
    <ClInclude Include="Modules\Solver\SolverDescriptors.h">
      <Filter>Modules\Solver</Filter>
    </ClInclude>
    <ClInclude Include="Modules\Plotter\FunctionPlotterDescriptors.h">
      <Filter>Modules\Plotter</Filter>
    </ClInclude>
    <ClInclude Include="Modules\Plotter\FunctionPlotter.h">
      <Filter>Modules\Plotter</Filter>
    </ClInclude>
    <ClInclude Include="Interface\FunctionAnalyzer.h">
      <Filter>Interface</Filter>
    </ClInclude>
    <ClInclude Include="Interface\Function.h">
      <Filter>Interface</Filter>
    </ClInclude>
    <ClInclude Include="Interface\AnalysisDescription.h">
      <Filter>Interface</Filter>
    </ClInclude>
  </ItemGroup>
  <ItemGroup>
    <ClCompile Include="main.cpp" />
    <ClCompile Include="Communication\Module.cpp">
      <Filter>Communication</Filter>
    </ClCompile>
    <ClCompile Include="Communication\PyManager.cpp">
      <Filter>Communication</Filter>
    </ClCompile>
    <ClCompile Include="Communication\FunctionDescriptor.cpp">
      <Filter>Communication</Filter>
    </ClCompile>
    <ClCompile Include="Communication\ModuleFactory.cpp">
      <Filter>Communication</Filter>
    </ClCompile>
    <ClCompile Include="Modules\CalculusSolver\CalculusSolverDescriptors.cpp">
      <Filter>Modules\CalculusSolver</Filter>
    </ClCompile>
    <ClCompile Include="Modules\Solver\Solver.cpp">
      <Filter>Modules\Solver</Filter>
    </ClCompile>
    <ClCompile Include="Modules\Solver\SolverDescriptors.cpp">
      <Filter>Modules\Solver</Filter>
    </ClCompile>
    <ClCompile Include="Modules\Plotter\FunctionPlotterDescriptors.cpp">
      <Filter>Modules\Plotter</Filter>
    </ClCompile>
    <ClCompile Include="Modules\Plotter\FunctionPlotter.cpp">
      <Filter>Modules\Plotter</Filter>
    </ClCompile>
    <ClCompile Include="Interface\FunctionAnalyzer.cpp">
      <Filter>Interface</Filter>
    </ClCompile>
    <ClCompile Include="Interface\Function.cpp">
      <Filter>Interface</Filter>
    </ClCompile>
    <ClCompile Include="Interface\AnalysisDescription.cpp">
      <Filter>Interface</Filter>
    </ClCompile>
    <ClCompile Include="Modules\CalculusSolver\CalculusSolver.cpp">
      <Filter>Modules\CalculusSolver</Filter>
    </ClCompile>
  </ItemGroup>
  <ItemGroup>
    <None Include="ClassDiagram.cd" />
  </ItemGroup>
</Project>